
Microsoft Visual Studio Solution File, Format Version 12.00
# Visual Studio 15
VisualStudioVersion = 15.0.27703.2035
MinimumVisualStudioVersion = 10.0.40219.1
Project("{FAE04EC0-301F-11D3-BF4B-00C04F79EFBC}") = "Adapter_pattern", "Adapter_pattern\Adapter_pattern.csproj", "{D936CCE0-CD59-4358-BFB8-37D4A9FF4D60}"
EndProject
Project("{FAE04EC0-301F-11D3-BF4B-00C04F79EFBC}") = "Adapter.Tests", "Adapter.Tests\Adapter.Tests.csproj", "{E3019B96-7BAF-4014-B931-B18C61E38F9B}"
EndProject
Project("{9A19103F-16F7-4668-BE54-9A1E7A4F7556}") = "00Data", "00Data\00Data.csproj", "{EE33C5D7-74E4-472A-BADB-5D8E4C8F33AD}"
EndProject
Project("{FAE04EC0-301F-11D3-BF4B-00C04F79EFBC}") = "Strategy_pattern", "Strategy_pattern\Strategy_pattern.csproj", "{A7F12E34-61E7-4AE0-8C5A-CA15E8936C19}"
EndProject
Global
	GlobalSection(SolutionConfigurationPlatforms) = preSolution
		Debug|Any CPU = Debug|Any CPU
		Release|Any CPU = Release|Any CPU
	EndGlobalSection
	GlobalSection(ProjectConfigurationPlatforms) = postSolution
		{D936CCE0-CD59-4358-BFB8-37D4A9FF4D60}.Debug|Any CPU.ActiveCfg = Debug|Any CPU
		{D936CCE0-CD59-4358-BFB8-37D4A9FF4D60}.Debug|Any CPU.Build.0 = Debug|Any CPU
		{D936CCE0-CD59-4358-BFB8-37D4A9FF4D60}.Release|Any CPU.ActiveCfg = Release|Any CPU
		{D936CCE0-CD59-4358-BFB8-37D4A9FF4D60}.Release|Any CPU.Build.0 = Release|Any CPU
		{E3019B96-7BAF-4014-B931-B18C61E38F9B}.Debug|Any CPU.ActiveCfg = Debug|Any CPU
		{E3019B96-7BAF-4014-B931-B18C61E38F9B}.Debug|Any CPU.Build.0 = Debug|Any CPU
		{E3019B96-7BAF-4014-B931-B18C61E38F9B}.Release|Any CPU.ActiveCfg = Release|Any CPU
		{E3019B96-7BAF-4014-B931-B18C61E38F9B}.Release|Any CPU.Build.0 = Release|Any CPU
		{EE33C5D7-74E4-472A-BADB-5D8E4C8F33AD}.Debug|Any CPU.ActiveCfg = Debug|Any CPU
		{EE33C5D7-74E4-472A-BADB-5D8E4C8F33AD}.Debug|Any CPU.Build.0 = Debug|Any CPU
		{EE33C5D7-74E4-472A-BADB-5D8E4C8F33AD}.Release|Any CPU.ActiveCfg = Release|Any CPU
		{EE33C5D7-74E4-472A-BADB-5D8E4C8F33AD}.Release|Any CPU.Build.0 = Release|Any CPU
		{A7F12E34-61E7-4AE0-8C5A-CA15E8936C19}.Debug|Any CPU.ActiveCfg = Debug|Any CPU
		{A7F12E34-61E7-4AE0-8C5A-CA15E8936C19}.Debug|Any CPU.Build.0 = Debug|Any CPU
		{A7F12E34-61E7-4AE0-8C5A-CA15E8936C19}.Release|Any CPU.ActiveCfg = Release|Any CPU
		{A7F12E34-61E7-4AE0-8C5A-CA15E8936C19}.Release|Any CPU.Build.0 = Release|Any CPU
	EndGlobalSection
	GlobalSection(SolutionProperties) = preSolution
		HideSolutionNode = FALSE
	EndGlobalSection
	GlobalSection(ExtensibilityGlobals) = postSolution
		SolutionGuid = {5D66145A-4144-44AD-8F23-D84C52E96EF0}
	EndGlobalSection
EndGlobal
